
Microsoft Visual Studio Solution File, Format Version 12.00
# Visual Studio Version 17
VisualStudioVersion = 17.4.33213.308
MinimumVisualStudioVersion = 10.0.40219.1
Project("{FAE04EC0-301F-11D3-BF4B-00C04F79EFBC}") = "Tipsy bartender", "Tipsy bartender.csproj", "{96670F89-EA99-4349-B206-2201E71C6BEC}"
EndProject
Global
	GlobalSection(SolutionConfigurationPlatforms) = preSolution
		Debug|Any CPU = Debug|Any CPU
		Release|Any CPU = Release|Any CPU
	EndGlobalSection
	GlobalSection(ProjectConfigurationPlatforms) = postSolution
		{96670F89-EA99-4349-B206-2201E71C6BEC}.Debug|Any CPU.ActiveCfg = Debug|Any CPU
		{96670F89-EA99-4349-B206-2201E71C6BEC}.Debug|Any CPU.Build.0 = Debug|Any CPU
		{96670F89-EA99-4349-B206-2201E71C6BEC}.Release|Any CPU.ActiveCfg = Release|Any CPU
		{96670F89-EA99-4349-B206-2201E71C6BEC}.Release|Any CPU.Build.0 = Release|Any CPU
	EndGlobalSection
	GlobalSection(SolutionProperties) = preSolution
		HideSolutionNode = FALSE
	EndGlobalSection
	GlobalSection(ExtensibilityGlobals) = postSolution
		SolutionGuid = {5272D0EB-B09D-41A9-8557-CD01E4979E62}
	EndGlobalSection
EndGlobal
